
Microsoft Visual Studio Solution File, Format Version 12.00
# Visual Studio Version 16
VisualStudioVersion = 16.0.30330.147
MinimumVisualStudioVersion = 10.0.40219.1
Project("{FAE04EC0-301F-11D3-BF4B-00C04F79EFBC}") = "ClaseAbstrataAAC", "ClaseAbstrataAAC\ClaseAbstrataAAC.csproj", "{13F52F7B-81AE-4DA5-BEF1-1DB276E92FBC}"
EndProject
Global
	GlobalSection(SolutionConfigurationPlatforms) = preSolution
		Debug|Any CPU = Debug|Any CPU
		Release|Any CPU = Release|Any CPU
	EndGlobalSection
	GlobalSection(ProjectConfigurationPlatforms) = postSolution
		{13F52F7B-81AE-4DA5-BEF1-1DB276E92FBC}.Debug|Any CPU.ActiveCfg = Debug|Any CPU
		{13F52F7B-81AE-4DA5-BEF1-1DB276E92FBC}.Debug|Any CPU.Build.0 = Debug|Any CPU
		{13F52F7B-81AE-4DA5-BEF1-1DB276E92FBC}.Release|Any CPU.ActiveCfg = Release|Any CPU
		{13F52F7B-81AE-4DA5-BEF1-1DB276E92FBC}.Release|Any CPU.Build.0 = Release|Any CPU
	EndGlobalSection
	GlobalSection(SolutionProperties) = preSolution
		HideSolutionNode = FALSE
	EndGlobalSection
	GlobalSection(ExtensibilityGlobals) = postSolution
		SolutionGuid = {AFCEF58A-B1C4-48B6-87A1-C1ADCDE46C9E}
	EndGlobalSection
EndGlobal
